<Solution>
  <Folder Name="/src/">
    <Project Path="src/BuildingBlocks/BuildingBlocks.csproj" />
    <Project Path="src/OrchestraSync.API/OrchestraSync.API.csproj" />
  </Folder>
  <Folder Name="/src/Modules/">
    <Project Path="src/Modules/Catalog/Catalog.csproj" />
    <Project Path="src/Modules/Planning/Planning.csproj" />
  </Folder>
</Solution>
